{
  "name": "credit-card-validator-package",
  "version": "1.0.0",
  "lockfileVersion": 3,
  "requires": true,
  "packages": {
    "": {
      "name": "credit-card-validator-package",
      "version": "1.0.0",
      "license": "ISC",
      "dependencies": {
        "credit-card-validator-package": "^1.0.0"
      }
    },
    "node_modules/credit-card-validator-package": {
      "version": "1.0.0",
      "resolved": "https://registry.npmjs.org/credit-card-validator-package/-/credit-card-validator-package-1.0.0.tgz",
      "integrity": "sha512-vK26UBcKa/bdqUIs2K4zeeDDF/z0EE3nMLXaCksEWqppxb9fmt/AZDFVQ1v33HUxXxvPf0YVeviMQVvncStV4A=="
    }
  }
}
